
Microsoft Visual Studio Solution File, Format Version 12.00
# Visual Studio Version 17
VisualStudioVersion = 17.1.32407.343
MinimumVisualStudioVersion = 10.0.40219.1
Project("{FAE04EC0-301F-11D3-BF4B-00C04F79EFBC}") = "LoginFunction", "LoginFunction\LoginFunction.csproj", "{042202D4-F8DB-4162-ABE9-B5E39085684F}"
EndProject
Global
	GlobalSection(SolutionConfigurationPlatforms) = preSolution
		Debug|Any CPU = Debug|Any CPU
		Release|Any CPU = Release|Any CPU
	EndGlobalSection
	GlobalSection(ProjectConfigurationPlatforms) = postSolution
		{042202D4-F8DB-4162-ABE9-B5E39085684F}.Debug|Any CPU.ActiveCfg = Debug|Any CPU
		{042202D4-F8DB-4162-ABE9-B5E39085684F}.Debug|Any CPU.Build.0 = Debug|Any CPU
		{042202D4-F8DB-4162-ABE9-B5E39085684F}.Release|Any CPU.ActiveCfg = Release|Any CPU
		{042202D4-F8DB-4162-ABE9-B5E39085684F}.Release|Any CPU.Build.0 = Release|Any CPU
	EndGlobalSection
	GlobalSection(SolutionProperties) = preSolution
		HideSolutionNode = FALSE
	EndGlobalSection
	GlobalSection(ExtensibilityGlobals) = postSolution
		SolutionGuid = {6D20D8CB-5C05-470F-81CD-FC9863031763}
	EndGlobalSection
EndGlobal
